{
  "pins" : [
    {
      "identity" : "enode-link-ios",
      "kind" : "remoteSourceControl",
      "location" : "https://github.com/enode/enode-link-ios",
      "state" : {
        "revision" : "48fa58152e3170c7e36f5765b5c8025f8f951dd0",
        "version" : "1.0.11"
      }
    }
  ],
  "version" : 2
}
