{
  "pins" : [
    {
      "identity" : "enode-link-ios",
      "kind" : "remoteSourceControl",
      "location" : "https://github.com/enode/enode-link-ios",
      "state" : {
        "revision" : "750c296a4d93c4927b1ac326a74933ff523f6418",
        "version" : "1.0.8"
      }
    }
  ],
  "version" : 2
}
