{
  "pins" : [
    {
      "identity" : "enode-link-ios",
      "kind" : "remoteSourceControl",
      "location" : "https://github.com/enode/enode-link-ios",
      "state" : {
        "revision" : "8007a0ceed2dc9cb7a927333c33b74622bc829cd",
        "version" : "1.0.9"
      }
    }
  ],
  "version" : 2
}
