PODS:
  - EnodeLinkKit (1.0.8)

DEPENDENCIES:
  - EnodeLinkKit (from `../EnodeLinkKit.podspec`)

EXTERNAL SOURCES:
  EnodeLinkKit:
    :podspec: "../EnodeLinkKit.podspec"

SPEC CHECKSUMS:
  EnodeLinkKit: da306a3f82f73605b2e5ecbb1bd5e071a7b64682

PODFILE CHECKSUM: 6481752dfee0a171f35c2eba67cebb5a4e2266e0

COCOAPODS: 1.16.2
