PODS:
  - EnodeLinkKit (1.0.9)

DEPENDENCIES:
  - EnodeLinkKit (from `https://github.com/enode/enode-link-ios.git`, tag `1.0.9`)

EXTERNAL SOURCES:
  EnodeLinkKit:
    :git: https://github.com/enode/enode-link-ios.git
    :tag: 1.0.9

CHECKOUT OPTIONS:
  EnodeLinkKit:
    :git: https://github.com/enode/enode-link-ios.git
    :tag: 1.0.9

SPEC CHECKSUMS:
  EnodeLinkKit: 02efb9d9c94507d4e0a7e9f708a5ab47b2933949

PODFILE CHECKSUM: 58f2952967642b7eda564b7f2672e58bdb4ae994

COCOAPODS: 1.16.2
